<?xml version="1.0" encoding="utf-8"?>
<Project ToolsVersion="4.0" xmlns="http://schemas.microsoft.com/developer/msbuild/2003">
  <ItemGroup>
    <Natvis Include="eigen.natvis" />
  </ItemGroup>
  <ItemGroup>
    <ClCompile Include="src\Batch.cpp">
      <Filter>Source</Filter>
    </ClCompile>
    <ClCompile Include="src\CommonFunc.cpp">
      <Filter>Source</Filter>
    </ClCompile>
    <ClCompile Include="src\DataManager.cpp">
      <Filter>Source</Filter>
    </ClCompile>
    <ClCompile Include="src\imnq.cpp">
      <Filter>Source</Filter>
    </ClCompile>
    <ClCompile Include="src\KernelExpansion.cpp">
      <Filter>Source</Filter>
    </ClCompile>
    <ClCompile Include="src\KernelGenerator.cpp">
      <Filter>Source</Filter>
    </ClCompile>
    <ClCompile Include="src\KernelManage.cpp">
      <Filter>Source</Filter>
    </ClCompile>
    <ClCompile Include="src\LinearRegression.cpp">
      <Filter>Source</Filter>
    </ClCompile>
    <ClCompile Include="src\MinqueBase.cpp">
      <Filter>Source</Filter>
    </ClCompile>
    <ClCompile Include="src\Options.cpp">
      <Filter>Source</Filter>
    </ClCompile>
    <ClCompile Include="src\PlinkReader.cpp">
      <Filter>Source</Filter>
    </ClCompile>
    <ClCompile Include="src\Random.cpp">
      <Filter>Source</Filter>
    </ClCompile>
    <ClCompile Include="src\ToolKit.cpp">
      <Filter>Source</Filter>
    </ClCompile>
    <ClCompile Include="src\easylogging++.cpp">
      <Filter>Source</Filter>
    </ClCompile>
    <ClCompile Include="src\Main.cpp">
      <Filter>Source</Filter>
    </ClCompile>
    <ClCompile Include="src\Prediction.cpp">
      <Filter>Source</Filter>
    </ClCompile>
    <ClCompile Include="src\MINQUE1.cpp">
      <Filter>Source</Filter>
    </ClCompile>
    <ClCompile Include="src\MINQUE0.cpp">
      <Filter>Source</Filter>
    </ClCompile>
    <ClCompile Include="src\cuimnq.cpp">
      <Filter>Source</Filter>
    </ClCompile>
    <ClCompile Include="src\cuMINQUE1.cpp">
      <Filter>Source</Filter>
    </ClCompile>
    <ClCompile Include="src\cuMinqueBase.cpp">
      <Filter>Source</Filter>
    </ClCompile>
    <ClCompile Include="src\cuToolkit.cpp">
      <Filter>Source</Filter>
    </ClCompile>
    <ClCompile Include="src\cuMINQUE0.cpp">
      <Filter>Source</Filter>
    </ClCompile>
  </ItemGroup>
  <ItemGroup>
    <None Include="eigen_autoexp_part.dat" />
    <None Include="include\cuMatrix.cuh">
      <Filter>Header</Filter>
    </None>
  </ItemGroup>
  <ItemGroup>
    <Filter Include="Header">
      <UniqueIdentifier>{f475cb47-e96c-401f-993d-962820681351}</UniqueIdentifier>
    </Filter>
    <Filter Include="Source">
      <UniqueIdentifier>{1104405b-286c-4451-b548-8db1915b5583}</UniqueIdentifier>
    </Filter>
  </ItemGroup>
  <ItemGroup>
    <ClInclude Include="include\Batch.h">
      <Filter>Header</Filter>
    </ClInclude>
    <ClInclude Include="include\CommonFunc.h">
      <Filter>Header</Filter>
    </ClInclude>
    <ClInclude Include="include\DataManager.h">
      <Filter>Header</Filter>
    </ClInclude>
    <ClInclude Include="include\imnq.h">
      <Filter>Header</Filter>
    </ClInclude>
    <ClInclude Include="include\KernelExpansion.h">
      <Filter>Header</Filter>
    </ClInclude>
    <ClInclude Include="include\KernelGenerator.h">
      <Filter>Header</Filter>
    </ClInclude>
    <ClInclude Include="include\KernelManage.h">
      <Filter>Header</Filter>
    </ClInclude>
    <ClInclude Include="include\LinearRegression.h">
      <Filter>Header</Filter>
    </ClInclude>
    <ClInclude Include="include\MinqueBase.h">
      <Filter>Header</Filter>
    </ClInclude>
    <ClInclude Include="include\Options.h">
      <Filter>Header</Filter>
    </ClInclude>
    <ClInclude Include="include\PlinkReader.h">
      <Filter>Header</Filter>
    </ClInclude>
    <ClInclude Include="include\Random.h">
      <Filter>Header</Filter>
    </ClInclude>
    <ClInclude Include="include\ToolKit.h">
      <Filter>Header</Filter>
    </ClInclude>
    <ClInclude Include="include\easylogging++.h">
      <Filter>Header</Filter>
    </ClInclude>
    <ClInclude Include="include\Prediction.h">
      <Filter>Header</Filter>
    </ClInclude>
    <ClInclude Include="include\MINQUE1.h">
      <Filter>Header</Filter>
    </ClInclude>
    <ClInclude Include="include\MINQUE0.h">
      <Filter>Header</Filter>
    </ClInclude>
    <ClInclude Include="include\cuimnq.h">
      <Filter>Header</Filter>
    </ClInclude>
    <ClInclude Include="include\cuMINQUE1.h">
      <Filter>Header</Filter>
    </ClInclude>
    <ClInclude Include="include\cuMinqueBase.h">
      <Filter>Header</Filter>
    </ClInclude>
    <ClInclude Include="include\cuToolkit.h">
      <Filter>Header</Filter>
    </ClInclude>
    <ClInclude Include="include\cuMINQUE0.h">
      <Filter>Header</Filter>
    </ClInclude>
    <ClInclude Include="include\helper_cuda.h">
      <Filter>Header</Filter>
    </ClInclude>
    <ClInclude Include="include\helper_string.h">
      <Filter>Header</Filter>
    </ClInclude>
  </ItemGroup>
  <ItemGroup>
    <CudaCompile Include="src\cuMatrix.cu">
      <Filter>Source</Filter>
    </CudaCompile>
  </ItemGroup>
</Project>